
Microsoft Visual Studio Solution File, Format Version 12.00
# Visual Studio Version 17
VisualStudioVersion = 17.5.33516.290
MinimumVisualStudioVersion = 10.0.40219.1
Project("{2150E333-8FDC-42A3-9474-1A3956D46DE8}") = "src", "src", "{DDCEFEA9-FC9B-4795-85B7-CE87E8E753D3}"
EndProject
Project("{9A19103F-16F7-4668-BE54-9A1E7A4F7556}") = "TheNoobs.AggregateRoot", "src\TheNoobs.AggregateRoot\TheNoobs.AggregateRoot.csproj", "{64920D79-0771-4B76-ABF8-9366FE8C42C2}"
EndProject
Project("{2150E333-8FDC-42A3-9474-1A3956D46DE8}") = "tests", "tests", "{B3E0F28A-805C-4D5A-AA15-B28711C55998}"
EndProject
Project("{9A19103F-16F7-4668-BE54-9A1E7A4F7556}") = "TheNoobs.AggregateRoot.UnitTests", "tests\TheNoobs.AggregateRoot.UnitTests\TheNoobs.AggregateRoot.UnitTests.csproj", "{1A325627-AE52-4655-B2EA-DFE59BCD5130}"
EndProject
Global
	GlobalSection(SolutionConfigurationPlatforms) = preSolution
		Debug|Any CPU = Debug|Any CPU
		Release|Any CPU = Release|Any CPU
	EndGlobalSection
	GlobalSection(ProjectConfigurationPlatforms) = postSolution
		{64920D79-0771-4B76-ABF8-9366FE8C42C2}.Debug|Any CPU.ActiveCfg = Debug|Any CPU
		{64920D79-0771-4B76-ABF8-9366FE8C42C2}.Debug|Any CPU.Build.0 = Debug|Any CPU
		{64920D79-0771-4B76-ABF8-9366FE8C42C2}.Release|Any CPU.ActiveCfg = Release|Any CPU
		{64920D79-0771-4B76-ABF8-9366FE8C42C2}.Release|Any CPU.Build.0 = Release|Any CPU
		{1A325627-AE52-4655-B2EA-DFE59BCD5130}.Debug|Any CPU.ActiveCfg = Debug|Any CPU
		{1A325627-AE52-4655-B2EA-DFE59BCD5130}.Debug|Any CPU.Build.0 = Debug|Any CPU
		{1A325627-AE52-4655-B2EA-DFE59BCD5130}.Release|Any CPU.ActiveCfg = Release|Any CPU
		{1A325627-AE52-4655-B2EA-DFE59BCD5130}.Release|Any CPU.Build.0 = Release|Any CPU
	EndGlobalSection
	GlobalSection(SolutionProperties) = preSolution
		HideSolutionNode = FALSE
	EndGlobalSection
	GlobalSection(NestedProjects) = preSolution
		{64920D79-0771-4B76-ABF8-9366FE8C42C2} = {DDCEFEA9-FC9B-4795-85B7-CE87E8E753D3}
		{1A325627-AE52-4655-B2EA-DFE59BCD5130} = {B3E0F28A-805C-4D5A-AA15-B28711C55998}
	EndGlobalSection
EndGlobal
